FORGE
  remote: https://forgeapi.puppetlabs.com
  specs:
    aptituz-ssh (2.3.2)
      puppetlabs-stdlib (>= 1.0.0)
    camptocamp-archive (0.8.1)
    croddy-make (0.0.5)
    danzilio-virtualbox (1.6.0)
      camptocamp-archive (< 1.0.0, >= 0.1.0)
      puppetlabs-apt (< 3.0.0, >= 2.1.0)
      puppetlabs-stdlib (< 5.0.0, >= 2.6.0)
      stahnma-epel (< 2.0.0, >= 0.0.6)
    flypenguin-mkdir (1.0.4)
      puppetlabs-stdlib (< 5.0.0, >= 3.0.0)
    gentoo-portage (2.3.0)
      puppetlabs-concat (>= 0)
    hunner-hiera (2.0.1)
      puppetlabs-inifile (< 2.0.0, >= 1.0.0)
      puppetlabs-stdlib (< 5.0.0, >= 4.3.1)
    nanliu-staging (1.0.3)
    puppetlabs-apt (2.2.1)
      puppetlabs-stdlib (< 5.0.0, >= 4.5.0)
    puppetlabs-concat (1.2.5)
      puppetlabs-stdlib (< 5.0.0, >= 3.2.0)
    puppetlabs-firewall (1.7.2)
    puppetlabs-gcc (0.3.0)
      puppetlabs-stdlib (< 5.0.0, >= 2.0.0)
    puppetlabs-git (0.4.0)
      puppetlabs-stdlib (>= 3.2.0)
    puppetlabs-inifile (1.4.3)
    puppetlabs-mysql (3.6.2)
      nanliu-staging (< 2.0.0, >= 1.0.1)
      puppetlabs-stdlib (< 5.0.0, >= 3.2.0)
    puppetlabs-ntp (4.1.2)
      puppetlabs-stdlib (< 5.0.0, >= 4.6.0)
    puppetlabs-pe_gem (0.1.2)
    puppetlabs-postgresql (4.7.0)
      puppetlabs-apt (< 3.0.0, >= 1.8.0)
      puppetlabs-concat (< 2.0.0, >= 1.1.0)
      puppetlabs-stdlib (~> 4.0)
    puppetlabs-puppetdb (5.1.1)
      puppetlabs-firewall (< 2.0.0, >= 1.1.3)
      puppetlabs-inifile (< 2.0.0, >= 1.1.3)
      puppetlabs-postgresql (< 5.0.0, >= 4.0.0)
      puppetlabs-stdlib (< 5.0.0, >= 4.2.2)
    puppetlabs-ruby (0.4.0)
      puppetlabs-stdlib (< 5.0.0, >= 3.2.0)
    puppetlabs-stdlib (4.11.0)
    puppetlabs-vcsrepo (1.3.2)
    saz-sudo (3.1.0)
      puppetlabs-stdlib (< 5.0.0, >= 2.3.0)
    stahnma-epel (1.2.2)
      puppetlabs-stdlib (>= 3.0.0)
    unibet-vagrant (0.2.1)
      puppetlabs-stdlib (>= 0)
    zack-r10k (3.2.0)
      croddy-make (>= 0.0.3)
      gentoo-portage (>= 2.0.0)
      puppetlabs-gcc (>= 0.0.3)
      puppetlabs-git (>= 0.0.3)
      puppetlabs-inifile (>= 1.0.0)
      puppetlabs-pe_gem (>= 0.0.1)
      puppetlabs-ruby (>= 0.0.2)
      puppetlabs-stdlib (>= 4.6.0)
      puppetlabs-vcsrepo (>= 0.1.2)

GIT
  remote: git://github.com/woldan/puppet-btrfs.git
  ref: master
  sha: 0ad66673eb765779c2b966f2aa878ea3f301946c
  specs:
    puppet-subvolume (0.0.1)

DEPENDENCIES
  aptituz-ssh (= 2.3.2)
  camptocamp-archive (= 0.8.1)
  croddy-make (= 0.0.5)
  danzilio-virtualbox (= 1.6.0)
  flypenguin-mkdir (= 1.0.4)
  gentoo-portage (= 2.3.0)
  hunner-hiera (= 2.0.1)
  nanliu-staging (= 1.0.3)
  puppet-subvolume (>= 0)
  puppetlabs-apt (= 2.2.1)
  puppetlabs-concat (= 1.2.5)
  puppetlabs-firewall (= 1.7.2)
  puppetlabs-gcc (= 0.3.0)
  puppetlabs-git (= 0.4.0)
  puppetlabs-inifile (= 1.4.3)
  puppetlabs-mysql (= 3.6.2)
  puppetlabs-ntp (= 4.1.2)
  puppetlabs-pe_gem (= 0.1.2)
  puppetlabs-postgresql (= 4.7.0)
  puppetlabs-puppetdb (= 5.1.1)
  puppetlabs-ruby (= 0.4.0)
  puppetlabs-stdlib (= 4.11.0)
  puppetlabs-vcsrepo (= 1.3.2)
  saz-sudo (= 3.1.0)
  stahnma-epel (= 1.2.2)
  unibet-vagrant (= 0.2.1)
  zack-r10k (= 3.2.0)

